
Microsoft Visual Studio Solution File, Format Version 12.00
# Visual Studio Version 17
VisualStudioVersion = 17.6.33829.357
MinimumVisualStudioVersion = 10.0.40219.1
Project("{FAE04EC0-301F-11D3-BF4B-00C04F79EFBC}") = "WebApp", "WebApp\WebApp.csproj", "{DBAC45EE-3BC0-4C79-98BC-751845248761}"
EndProject
Global
	GlobalSection(SolutionConfigurationPlatforms) = preSolution
		Debug|Any CPU = Debug|Any CPU
		Release|Any CPU = Release|Any CPU
	EndGlobalSection
	GlobalSection(ProjectConfigurationPlatforms) = postSolution
		{DBAC45EE-3BC0-4C79-98BC-751845248761}.Debug|Any CPU.ActiveCfg = Debug|Any CPU
		{DBAC45EE-3BC0-4C79-98BC-751845248761}.Debug|Any CPU.Build.0 = Debug|Any CPU
		{DBAC45EE-3BC0-4C79-98BC-751845248761}.Release|Any CPU.ActiveCfg = Release|Any CPU
		{DBAC45EE-3BC0-4C79-98BC-751845248761}.Release|Any CPU.Build.0 = Release|Any CPU
	EndGlobalSection
	GlobalSection(SolutionProperties) = preSolution
		HideSolutionNode = FALSE
	EndGlobalSection
	GlobalSection(ExtensibilityGlobals) = postSolution
		SolutionGuid = {E79C17EA-25A7-44C7-90E8-27AECAE3D058}
	EndGlobalSection
EndGlobal
